
Microsoft Visual Studio Solution File, Format Version 12.00
# Visual Studio Version 17
VisualStudioVersion = 17.11.35327.3
MinimumVisualStudioVersion = 10.0.40219.1
Project("{FAE04EC0-301F-11D3-BF4B-00C04F79EFBC}") = "UniversityMaterialsRegistrationSystem", "UniversityMaterialsRegistrationSystem\UniversityMaterialsRegistrationSystem.csproj", "{2D5F7EA2-E8C5-4652-A748-B0E4AD804F90}"
EndProject
Global
	GlobalSection(SolutionConfigurationPlatforms) = preSolution
		Debug|Any CPU = Debug|Any CPU
		Release|Any CPU = Release|Any CPU
	EndGlobalSection
	GlobalSection(ProjectConfigurationPlatforms) = postSolution
		{2D5F7EA2-E8C5-4652-A748-B0E4AD804F90}.Debug|Any CPU.ActiveCfg = Debug|Any CPU
		{2D5F7EA2-E8C5-4652-A748-B0E4AD804F90}.Debug|Any CPU.Build.0 = Debug|Any CPU
		{2D5F7EA2-E8C5-4652-A748-B0E4AD804F90}.Release|Any CPU.ActiveCfg = Release|Any CPU
		{2D5F7EA2-E8C5-4652-A748-B0E4AD804F90}.Release|Any CPU.Build.0 = Release|Any CPU
	EndGlobalSection
	GlobalSection(SolutionProperties) = preSolution
		HideSolutionNode = FALSE
	EndGlobalSection
	GlobalSection(ExtensibilityGlobals) = postSolution
		SolutionGuid = {A44E8539-E36C-4534-B0C9-A9CCCE5DD7F2}
	EndGlobalSection
EndGlobal
